<?xml version="1.0" encoding="UTF-8"?>
<Scheme
   LastUpgradeVersion = "0820"
   version = "1.3">
   <BuildAction
      parallelizeBuildables = "YES"
      buildImplicitDependencies = "YES">
      <BuildActionEntries>
         <BuildActionEntry
            buildForTesting = "YES"
            buildForRunning = "YES"
            buildForProfiling = "YES"
            buildForArchiving = "YES"
            buildForAnalyzing = "YES">
            <BuildableReference
               BuildableIdentifier = "primary"
               BlueprintIdentifier = "E4F779F91EFE2E920074015F"
               BuildableName = "&#x793a;&#x8bba;&#x8bf4;-01.app"
               BlueprintName = "&#x793a;&#x8bba;&#x8bf4;-01"
               ReferencedContainer = "container:&#x793a;&#x8bba;&#x8bf4;-01.xcodeproj">
            </BuildableReference>
         </BuildActionEntry>
      </BuildActionEntries>
   </BuildAction>
   <TestAction
      buildConfiguration = "Debug"
      selectedDebuggerIdentifier = "Xcode.DebuggerFoundation.Debugger.LLDB"
      selectedLauncherIdentifier = "Xcode.DebuggerFoundation.Launcher.LLDB"
      shouldUseLaunchSchemeArgsEnv = "YES">
      <Testables>
         <TestableReference
            skipped = "NO">
            <BuildableReference
               BuildableIdentifier = "primary"
               BlueprintIdentifier = "E4F77A121EFE2E920074015F"
               BuildableName = "&#x793a;&#x8bba;&#x8bf4;-01Tests.xctest"
               BlueprintName = "&#x793a;&#x8bba;&#x8bf4;-01Tests"
               ReferencedContainer = "container:&#x793a;&#x8bba;&#x8bf4;-01.xcodeproj">
            </BuildableReference>
         </TestableReference>
         <TestableReference
            skipped = "NO">
            <BuildableReference
               BuildableIdentifier = "primary"
               BlueprintIdentifier = "E4F77A1D1EFE2E920074015F"
               BuildableName = "&#x793a;&#x8bba;&#x8bf4;-01UITests.xctest"
               BlueprintName = "&#x793a;&#x8bba;&#x8bf4;-01UITests"
               ReferencedContainer = "container:&#x793a;&#x8bba;&#x8bf4;-01.xcodeproj">
            </BuildableReference>
         </TestableReference>
      </Testables>
      <MacroExpansion>
         <BuildableReference
            BuildableIdentifier = "primary"
            BlueprintIdentifier = "E4F779F91EFE2E920074015F"
            BuildableName = "&#x793a;&#x8bba;&#x8bf4;-01.app"
            BlueprintName = "&#x793a;&#x8bba;&#x8bf4;-01"
            ReferencedContainer = "container:&#x793a;&#x8bba;&#x8bf4;-01.xcodeproj">
         </BuildableReference>
      </MacroExpansion>
      <AdditionalOptions>
      </AdditionalOptions>
   </TestAction>
   <LaunchAction
      buildConfiguration = "Debug"
      selectedDebuggerIdentifier = "Xcode.DebuggerFoundation.Debugger.LLDB"
      selectedLauncherIdentifier = "Xcode.DebuggerFoundation.Launcher.LLDB"
      launchStyle = "0"
      useCustomWorkingDirectory = "NO"
      ignoresPersistentStateOnLaunch = "NO"
      debugDocumentVersioning = "YES"
      debugServiceExtension = "internal"
      allowLocationSimulation = "YES">
      <BuildableProductRunnable
         runnableDebuggingMode = "0">
         <BuildableReference
            BuildableIdentifier = "primary"
            BlueprintIdentifier = "E4F779F91EFE2E920074015F"
            BuildableName = "&#x793a;&#x8bba;&#x8bf4;-01.app"
            BlueprintName = "&#x793a;&#x8bba;&#x8bf4;-01"
            ReferencedContainer = "container:&#x793a;&#x8bba;&#x8bf4;-01.xcodeproj">
         </BuildableReference>
      </BuildableProductRunnable>
      <AdditionalOptions>
      </AdditionalOptions>
   </LaunchAction>
   <ProfileAction
      buildConfiguration = "Release"
      shouldUseLaunchSchemeArgsEnv = "YES"
      savedToolIdentifier = ""
      useCustomWorkingDirectory = "NO"
      debugDocumentVersioning = "YES">
      <BuildableProductRunnable
         runnableDebuggingMode = "0">
         <BuildableReference
            BuildableIdentifier = "primary"
            BlueprintIdentifier = "E4F779F91EFE2E920074015F"
            BuildableName = "&#x793a;&#x8bba;&#x8bf4;-01.app"
            BlueprintName = "&#x793a;&#x8bba;&#x8bf4;-01"
            ReferencedContainer = "container:&#x793a;&#x8bba;&#x8bf4;-01.xcodeproj">
         </BuildableReference>
      </BuildableProductRunnable>
   </ProfileAction>
   <AnalyzeAction
      buildConfiguration = "Debug">
   </AnalyzeAction>
   <ArchiveAction
      buildConfiguration = "Release"
      revealArchiveInOrganizer = "YES">
   </ArchiveAction>
</Scheme>
